// !$*UTF8*$!
{
	archiveVersion = 1;
	classes = {
	};
	objectVersion = 77;
	objects = {

/* Begin PBXBuildFile section */
		945AD97D2E0C547C00236929 /* ASK-WatchOS-Demo Watch App.app in Embed Watch Content */ = {isa = PBXBuildFile; fileRef = 945AD97C2E0C547C00236929 /* ASK-WatchOS-Demo Watch App.app */; settings = {ATTRIBUTES = (RemoveHeadersOnCopy, ); }; };
/* End PBXBuildFile section */

/* Begin PBXContainerItemProxy section */
		945AD97E2E0C547C00236929 /* PBXContainerItemProxy */ = {
			isa = PBXContainerItemProxy;
			containerPortal = 945AD9672E0C547A00236929 /* Project object */;
			proxyType = 1;
			remoteGlobalIDString = 945AD97B2E0C547C00236929;
			remoteInfo = "AKS-WatchOS-Demo Watch App";
		};
/* End PBXContainerItemProxy section */

/* Begin PBXCopyFilesBuildPhase section */
		945AD98C2E0C547D00236929 /* Embed Watch Content */ = {
			isa = PBXCopyFilesBuildPhase;
			buildActionMask = 2147483647;
			dstPath = "$(CONTENTS_FOLDER_PATH)/Watch";
			dstSubfolderSpec = 16;
			files = (
				945AD97D2E0C547C00236929 /* ASK-WatchOS-Demo Watch App.app in Embed Watch Content */,
			);
			name = "Embed Watch Content";
			runOnlyForDeploymentPostprocessing = 0;
		};
/* End PBXCopyFilesBuildPhase section */

/* Begin PBXFileReference section */
		945AD96F2E0C547A00236929 /* ASK-WatchOS-Demo.app */ = {isa = PBXFileReference; explicitFileType = wrapper.application; includeInIndex = 0; path = "ASK-WatchOS-Demo.app"; sourceTree = BUILT_PRODUCTS_DIR; };
		945AD97C2E0C547C00236929 /* ASK-WatchOS-Demo Watch App.app */ = {isa = PBXFileReference; explicitFileType = wrapper.application; includeInIndex = 0; path = "ASK-WatchOS-Demo Watch App.app"; sourceTree = BUILT_PRODUCTS_DIR; };
/* End PBXFileReference section */

/* Begin PBXFileSystemSynchronizedBuildFileExceptionSet section */
		945AD9B32E0C5C3B00236929 /* Exceptions for "iOS" folder in "ASK-WatchOS-Demo Watch App" target */ = {
			isa = PBXFileSystemSynchronizedBuildFileExceptionSet;
			membershipExceptions = (
				"App+iOS.swift",
				ASKManager.swift,
				ContentView.swift,
				Info.plist,
			);
			target = 945AD97B2E0C547C00236929 /* ASK-WatchOS-Demo Watch App */;
		};
		945AD9B52E0C5C4100236929 /* Exceptions for "iOS" folder in "ASK-WatchOS-Demo" target */ = {
			isa = PBXFileSystemSynchronizedBuildFileExceptionSet;
			membershipExceptions = (
				"App+iOS.swift",
				ASKManager.swift,
				ContentView.swift,
			);
			target = 945AD96E2E0C547A00236929 /* ASK-WatchOS-Demo */;
		};
		945AD9B82E0C5C4D00236929 /* Exceptions for "Common" folder in "ASK-WatchOS-Demo Watch App" target */ = {
			isa = PBXFileSystemSynchronizedBuildFileExceptionSet;
			membershipExceptions = (
				Assets.xcassets,
				BluetoothManager.swift,
				CBUUID.swift,
			);
			target = 945AD97B2E0C547C00236929 /* ASK-WatchOS-Demo Watch App */;
		};
		945AD9B92E0C5C5600236929 /* Exceptions for "watchOS" folder in "ASK-WatchOS-Demo" target */ = {
			isa = PBXFileSystemSynchronizedBuildFileExceptionSet;
			membershipExceptions = (
				"App+watchOS.swift",
				ContentView.swift,
			);
			target = 945AD96E2E0C547A00236929 /* ASK-WatchOS-Demo */;
		};
		945AD9BD2E0C5C5A00236929 /* Exceptions for "watchOS" folder in "ASK-WatchOS-Demo Watch App" target */ = {
			isa = PBXFileSystemSynchronizedBuildFileExceptionSet;
			membershipExceptions = (
				"App+watchOS.swift",
				ContentView.swift,
			);
			target = 945AD97B2E0C547C00236929 /* ASK-WatchOS-Demo Watch App */;
		};
/* End PBXFileSystemSynchronizedBuildFileExceptionSet section */

/* Begin PBXFileSystemSynchronizedRootGroup section */
		945AD9712E0C547A00236929 /* watchOS */ = {
			isa = PBXFileSystemSynchronizedRootGroup;
			exceptions = (
				945AD9B92E0C5C5600236929 /* Exceptions for "watchOS" folder in "ASK-WatchOS-Demo" target */,
				945AD9BD2E0C5C5A00236929 /* Exceptions for "watchOS" folder in "ASK-WatchOS-Demo Watch App" target */,
			);
			path = watchOS;
			sourceTree = "<group>";
		};
		945AD9802E0C547C00236929 /* iOS */ = {
			isa = PBXFileSystemSynchronizedRootGroup;
			exceptions = (
				945AD9B52E0C5C4100236929 /* Exceptions for "iOS" folder in "ASK-WatchOS-Demo" target */,
				945AD9B32E0C5C3B00236929 /* Exceptions for "iOS" folder in "ASK-WatchOS-Demo Watch App" target */,
			);
			path = iOS;
			sourceTree = "<group>";
		};
		945AD9A92E0C59E900236929 /* Common */ = {
			isa = PBXFileSystemSynchronizedRootGroup;
			exceptions = (
				945AD9B82E0C5C4D00236929 /* Exceptions for "Common" folder in "ASK-WatchOS-Demo Watch App" target */,
			);
			path = Common;
			sourceTree = "<group>";
		};
/* End PBXFileSystemSynchronizedRootGroup section */

/* Begin PBXFrameworksBuildPhase section */
		945AD96C2E0C547A00236929 /* Frameworks */ = {
			isa = PBXFrameworksBuildPhase;
			buildActionMask = 2147483647;
			files = (
			);
			runOnlyForDeploymentPostprocessing = 0;
		};
		945AD9792E0C547C00236929 /* Frameworks */ = {
			isa = PBXFrameworksBuildPhase;
			buildActionMask = 2147483647;
			files = (
			);
			runOnlyForDeploymentPostprocessing = 0;
		};
/* End PBXFrameworksBuildPhase section */

/* Begin PBXGroup section */
		945AD9662E0C547A00236929 = {
			isa = PBXGroup;
			children = (
				945AD9A92E0C59E900236929 /* Common */,
				945AD9712E0C547A00236929 /* watchOS */,
				945AD9802E0C547C00236929 /* iOS */,
				945AD9702E0C547A00236929 /* Products */,
			);
			sourceTree = "<group>";
		};
		945AD9702E0C547A00236929 /* Products */ = {
			isa = PBXGroup;
			children = (
				945AD96F2E0C547A00236929 /* ASK-WatchOS-Demo.app */,
				945AD97C2E0C547C00236929 /* ASK-WatchOS-Demo Watch App.app */,
			);
			name = Products;
			sourceTree = "<group>";
		};
/* End PBXGroup section */

/* Begin PBXNativeTarget section */
		945AD96E2E0C547A00236929 /* ASK-WatchOS-Demo */ = {
			isa = PBXNativeTarget;
			buildConfigurationList = 945AD98D2E0C547D00236929 /* Build configuration list for PBXNativeTarget "ASK-WatchOS-Demo" */;
			buildPhases = (
				945AD96B2E0C547A00236929 /* Sources */,
				945AD96C2E0C547A00236929 /* Frameworks */,
				945AD96D2E0C547A00236929 /* Resources */,
				945AD98C2E0C547D00236929 /* Embed Watch Content */,
			);
			buildRules = (
			);
			dependencies = (
				945AD97F2E0C547C00236929 /* PBXTargetDependency */,
			);
			fileSystemSynchronizedGroups = (
				945AD9712E0C547A00236929 /* watchOS */,
				945AD9A92E0C59E900236929 /* Common */,
			);
			name = "ASK-WatchOS-Demo";
			packageProductDependencies = (
			);
			productName = "AKS-WatchOS-Demo";
			productReference = 945AD96F2E0C547A00236929 /* ASK-WatchOS-Demo.app */;
			productType = "com.apple.product-type.application";
		};
		945AD97B2E0C547C00236929 /* ASK-WatchOS-Demo Watch App */ = {
			isa = PBXNativeTarget;
			buildConfigurationList = 945AD9892E0C547D00236929 /* Build configuration list for PBXNativeTarget "ASK-WatchOS-Demo Watch App" */;
			buildPhases = (
				945AD9782E0C547C00236929 /* Sources */,
				945AD9792E0C547C00236929 /* Frameworks */,
				945AD97A2E0C547C00236929 /* Resources */,
			);
			buildRules = (
			);
			dependencies = (
			);
			fileSystemSynchronizedGroups = (
				945AD9802E0C547C00236929 /* iOS */,
			);
			name = "ASK-WatchOS-Demo Watch App";
			packageProductDependencies = (
			);
			productName = "AKS-WatchOS-Demo Watch App";
			productReference = 945AD97C2E0C547C00236929 /* ASK-WatchOS-Demo Watch App.app */;
			productType = "com.apple.product-type.application";
		};
/* End PBXNativeTarget section */

/* Begin PBXProject section */
		945AD9672E0C547A00236929 /* Project object */ = {
			isa = PBXProject;
			attributes = {
				BuildIndependentTargetsInParallel = 1;
				LastSwiftUpdateCheck = 1640;
				LastUpgradeCheck = 1640;
				TargetAttributes = {
					945AD96E2E0C547A00236929 = {
						CreatedOnToolsVersion = 16.4;
					};
					945AD97B2E0C547C00236929 = {
						CreatedOnToolsVersion = 16.4;
					};
				};
			};
			buildConfigurationList = 945AD96A2E0C547A00236929 /* Build configuration list for PBXProject "ASK-WatchOS-Demo" */;
			developmentRegion = en;
			hasScannedForEncodings = 0;
			knownRegions = (
				en,
				Base,
			);
			mainGroup = 945AD9662E0C547A00236929;
			minimizedProjectReferenceProxies = 1;
			preferredProjectObjectVersion = 77;
			productRefGroup = 945AD9702E0C547A00236929 /* Products */;
			projectDirPath = "";
			projectRoot = "";
			targets = (
				945AD96E2E0C547A00236929 /* ASK-WatchOS-Demo */,
				945AD97B2E0C547C00236929 /* ASK-WatchOS-Demo Watch App */,
			);
		};
/* End PBXProject section */

/* Begin PBXResourcesBuildPhase section */
		945AD96D2E0C547A00236929 /* Resources */ = {
			isa = PBXResourcesBuildPhase;
			buildActionMask = 2147483647;
			files = (
			);
			runOnlyForDeploymentPostprocessing = 0;
		};
		945AD97A2E0C547C00236929 /* Resources */ = {
			isa = PBXResourcesBuildPhase;
			buildActionMask = 2147483647;
			files = (
			);
			runOnlyForDeploymentPostprocessing = 0;
		};
/* End PBXResourcesBuildPhase section */

/* Begin PBXSourcesBuildPhase section */
		945AD96B2E0C547A00236929 /* Sources */ = {
			isa = PBXSourcesBuildPhase;
			buildActionMask = 2147483647;
			files = (
			);
			runOnlyForDeploymentPostprocessing = 0;
		};
		945AD9782E0C547C00236929 /* Sources */ = {
			isa = PBXSourcesBuildPhase;
			buildActionMask = 2147483647;
			files = (
			);
			runOnlyForDeploymentPostprocessing = 0;
		};
/* End PBXSourcesBuildPhase section */

/* Begin PBXTargetDependency section */
		945AD97F2E0C547C00236929 /* PBXTargetDependency */ = {
			isa = PBXTargetDependency;
			target = 945AD97B2E0C547C00236929 /* ASK-WatchOS-Demo Watch App */;
			targetProxy = 945AD97E2E0C547C00236929 /* PBXContainerItemProxy */;
		};
/* End PBXTargetDependency section */

/* Begin XCBuildConfiguration section */
		945AD9872E0C547D00236929 /* Debug */ = {
			isa = XCBuildConfiguration;
			buildSettings = {
				ALWAYS_SEARCH_USER_PATHS = NO;
				ASSETCATALOG_COMPILER_GENERATE_SWIFT_ASSET_SYMBOL_EXTENSIONS = YES;
				CLANG_ANALYZER_NONNULL = YES;
				CLANG_ANALYZER_NUMBER_OBJECT_CONVERSION = YES_AGGRESSIVE;
				CLANG_CXX_LANGUAGE_STANDARD = "gnu++20";
				CLANG_ENABLE_MODULES = YES;
				CLANG_ENABLE_OBJC_ARC = YES;
				CLANG_ENABLE_OBJC_WEAK = YES;
				CLANG_WARN_BLOCK_CAPTURE_AUTORELEASING = YES;
				CLANG_WARN_BOOL_CONVERSION = YES;
				CLANG_WARN_COMMA = YES;
				CLANG_WARN_CONSTANT_CONVERSION = YES;
				CLANG_WARN_DEPRECATED_OBJC_IMPLEMENTATIONS = YES;
				CLANG_WARN_DIRECT_OBJC_ISA_USAGE = YES_ERROR;
				CLANG_WARN_DOCUMENTATION_COMMENTS = YES;
				CLANG_WARN_EMPTY_BODY = YES;
				CLANG_WARN_ENUM_CONVERSION = YES;
				CLANG_WARN_INFINITE_RECURSION = YES;
				CLANG_WARN_INT_CONVERSION = YES;
				CLANG_WARN_NON_LITERAL_NULL_CONVERSION = YES;
				CLANG_WARN_OBJC_IMPLICIT_RETAIN_SELF = YES;
				CLANG_WARN_OBJC_LITERAL_CONVERSION = YES;
				CLANG_WARN_OBJC_ROOT_CLASS = YES_ERROR;
				CLANG_WARN_QUOTED_INCLUDE_IN_FRAMEWORK_HEADER = YES;
				CLANG_WARN_RANGE_LOOP_ANALYSIS = YES;
				CLANG_WARN_STRICT_PROTOTYPES = YES;
				CLANG_WARN_SUSPICIOUS_MOVE = YES;
				CLANG_WARN_UNGUARDED_AVAILABILITY = YES_AGGRESSIVE;
				CLANG_WARN_UNREACHABLE_CODE = YES;
				CLANG_WARN__DUPLICATE_METHOD_MATCH = YES;
				COPY_PHASE_STRIP = NO;
				DEBUG_INFORMATION_FORMAT = dwarf;
				DEVELOPMENT_TEAM = T6MXF72738;
				ENABLE_STRICT_OBJC_MSGSEND = YES;
				ENABLE_TESTABILITY = YES;
				ENABLE_USER_SCRIPT_SANDBOXING = YES;
				GCC_C_LANGUAGE_STANDARD = gnu17;
				GCC_DYNAMIC_NO_PIC = NO;
				GCC_NO_COMMON_BLOCKS = YES;
				GCC_OPTIMIZATION_LEVEL = 0;
				GCC_PREPROCESSOR_DEFINITIONS = (
					"DEBUG=1",
					"$(inherited)",
				);
				GCC_WARN_64_TO_32_BIT_CONVERSION = YES;
				GCC_WARN_ABOUT_RETURN_TYPE = YES_ERROR;
				GCC_WARN_UNDECLARED_SELECTOR = YES;
				GCC_WARN_UNINITIALIZED_AUTOS = YES_AGGRESSIVE;
				GCC_WARN_UNUSED_FUNCTION = YES;
				GCC_WARN_UNUSED_VARIABLE = YES;
				LOCALIZATION_PREFERS_STRING_CATALOGS = YES;
				MTL_ENABLE_DEBUG_INFO = INCLUDE_SOURCE;
				MTL_FAST_MATH = YES;
				ONLY_ACTIVE_ARCH = YES;
				SWIFT_ACTIVE_COMPILATION_CONDITIONS = "DEBUG $(inherited)";
				SWIFT_OPTIMIZATION_LEVEL = "-Onone";
			};
			name = Debug;
		};
		945AD9882E0C547D00236929 /* Release */ = {
			isa = XCBuildConfiguration;
			buildSettings = {
				ALWAYS_SEARCH_USER_PATHS = NO;
				ASSETCATALOG_COMPILER_GENERATE_SWIFT_ASSET_SYMBOL_EXTENSIONS = YES;
				CLANG_ANALYZER_NONNULL = YES;
				CLANG_ANALYZER_NUMBER_OBJECT_CONVERSION = YES_AGGRESSIVE;
				CLANG_CXX_LANGUAGE_STANDARD = "gnu++20";
				CLANG_ENABLE_MODULES = YES;
				CLANG_ENABLE_OBJC_ARC = YES;
				CLANG_ENABLE_OBJC_WEAK = YES;
				CLANG_WARN_BLOCK_CAPTURE_AUTORELEASING = YES;
				CLANG_WARN_BOOL_CONVERSION = YES;
				CLANG_WARN_COMMA = YES;
				CLANG_WARN_CONSTANT_CONVERSION = YES;
				CLANG_WARN_DEPRECATED_OBJC_IMPLEMENTATIONS = YES;
				CLANG_WARN_DIRECT_OBJC_ISA_USAGE = YES_ERROR;
				CLANG_WARN_DOCUMENTATION_COMMENTS = YES;
				CLANG_WARN_EMPTY_BODY = YES;
				CLANG_WARN_ENUM_CONVERSION = YES;
				CLANG_WARN_INFINITE_RECURSION = YES;
				CLANG_WARN_INT_CONVERSION = YES;
				CLANG_WARN_NON_LITERAL_NULL_CONVERSION = YES;
				CLANG_WARN_OBJC_IMPLICIT_RETAIN_SELF = YES;
				CLANG_WARN_OBJC_LITERAL_CONVERSION = YES;
				CLANG_WARN_OBJC_ROOT_CLASS = YES_ERROR;
				CLANG_WARN_QUOTED_INCLUDE_IN_FRAMEWORK_HEADER = YES;
				CLANG_WARN_RANGE_LOOP_ANALYSIS = YES;
				CLANG_WARN_STRICT_PROTOTYPES = YES;
				CLANG_WARN_SUSPICIOUS_MOVE = YES;
				CLANG_WARN_UNGUARDED_AVAILABILITY = YES_AGGRESSIVE;
				CLANG_WARN_UNREACHABLE_CODE = YES;
				CLANG_WARN__DUPLICATE_METHOD_MATCH = YES;
				COPY_PHASE_STRIP = NO;
				DEBUG_INFORMATION_FORMAT = "dwarf-with-dsym";
				DEVELOPMENT_TEAM = T6MXF72738;
				ENABLE_NS_ASSERTIONS = NO;
				ENABLE_STRICT_OBJC_MSGSEND = YES;
				ENABLE_USER_SCRIPT_SANDBOXING = YES;
				GCC_C_LANGUAGE_STANDARD = gnu17;
				GCC_NO_COMMON_BLOCKS = YES;
				GCC_WARN_64_TO_32_BIT_CONVERSION = YES;
				GCC_WARN_ABOUT_RETURN_TYPE = YES_ERROR;
				GCC_WARN_UNDECLARED_SELECTOR = YES;
				GCC_WARN_UNINITIALIZED_AUTOS = YES_AGGRESSIVE;
				GCC_WARN_UNUSED_FUNCTION = YES;
				GCC_WARN_UNUSED_VARIABLE = YES;
				LOCALIZATION_PREFERS_STRING_CATALOGS = YES;
				MTL_ENABLE_DEBUG_INFO = NO;
				MTL_FAST_MATH = YES;
				SWIFT_COMPILATION_MODE = wholemodule;
			};
			name = Release;
		};
		945AD98A2E0C547D00236929 /* Debug */ = {
			isa = XCBuildConfiguration;
			buildSettings = {
				ASSETCATALOG_COMPILER_APPICON_NAME = AppIcon;
				ASSETCATALOG_COMPILER_GLOBAL_ACCENT_COLOR_NAME = AccentColor;
				CODE_SIGN_STYLE = Automatic;
				CURRENT_PROJECT_VERSION = 1;
				DEVELOPMENT_TEAM = T6MXF72738;
				ENABLE_PREVIEWS = YES;
				GENERATE_INFOPLIST_FILE = YES;
				INFOPLIST_KEY_CFBundleDisplayName = "ASK-WatchOS-Demo";
				INFOPLIST_KEY_NSBluetoothAlwaysUsageDescription = "Allow Bluetooth permission or else...";
				INFOPLIST_KEY_UISupportedInterfaceOrientations = "UIInterfaceOrientationPortrait UIInterfaceOrientationPortraitUpsideDown";
				INFOPLIST_KEY_WKCompanionAppBundleIdentifier = "SuperTurboRyan.AKS-WatchOS-Demo";
				INFOPLIST_KEY_WKRunsIndependentlyOfCompanionApp = YES;
				LD_RUNPATH_SEARCH_PATHS = (
					"$(inherited)",
					"@executable_path/Frameworks",
				);
				MARKETING_VERSION = 1.0;
				PRODUCT_BUNDLE_IDENTIFIER = "SuperTurboRyan.AKS-WatchOS-Demo.watchkitapp";
				PRODUCT_NAME = "$(TARGET_NAME)";
				SDKROOT = watchos;
				SKIP_INSTALL = YES;
				SWIFT_EMIT_LOC_STRINGS = YES;
				SWIFT_VERSION = 5.0;
				TARGETED_DEVICE_FAMILY = 4;
				WATCHOS_DEPLOYMENT_TARGET = 11.0;
			};
			name = Debug;
		};
		945AD98B2E0C547D00236929 /* Release */ = {
			isa = XCBuildConfiguration;
			buildSettings = {
				ASSETCATALOG_COMPILER_APPICON_NAME = AppIcon;
				ASSETCATALOG_COMPILER_GLOBAL_ACCENT_COLOR_NAME = AccentColor;
				CODE_SIGN_STYLE = Automatic;
				CURRENT_PROJECT_VERSION = 1;
				DEVELOPMENT_TEAM = T6MXF72738;
				ENABLE_PREVIEWS = YES;
				GENERATE_INFOPLIST_FILE = YES;
				INFOPLIST_KEY_CFBundleDisplayName = "ASK-WatchOS-Demo";
				INFOPLIST_KEY_NSBluetoothAlwaysUsageDescription = "Allow Bluetooth permission or else...";
				INFOPLIST_KEY_UISupportedInterfaceOrientations = "UIInterfaceOrientationPortrait UIInterfaceOrientationPortraitUpsideDown";
				INFOPLIST_KEY_WKCompanionAppBundleIdentifier = "SuperTurboRyan.AKS-WatchOS-Demo";
				INFOPLIST_KEY_WKRunsIndependentlyOfCompanionApp = YES;
				LD_RUNPATH_SEARCH_PATHS = (
					"$(inherited)",
					"@executable_path/Frameworks",
				);
				MARKETING_VERSION = 1.0;
				PRODUCT_BUNDLE_IDENTIFIER = "SuperTurboRyan.AKS-WatchOS-Demo.watchkitapp";
				PRODUCT_NAME = "$(TARGET_NAME)";
				SDKROOT = watchos;
				SKIP_INSTALL = YES;
				SWIFT_EMIT_LOC_STRINGS = YES;
				SWIFT_VERSION = 5.0;
				TARGETED_DEVICE_FAMILY = 4;
				VALIDATE_PRODUCT = YES;
				WATCHOS_DEPLOYMENT_TARGET = 11.0;
			};
			name = Release;
		};
		945AD98E2E0C547D00236929 /* Debug */ = {
			isa = XCBuildConfiguration;
			buildSettings = {
				ASSETCATALOG_COMPILER_APPICON_NAME = AppIcon;
				ASSETCATALOG_COMPILER_GLOBAL_ACCENT_COLOR_NAME = AccentColor;
				CODE_SIGN_STYLE = Automatic;
				CURRENT_PROJECT_VERSION = 1;
				DEVELOPMENT_TEAM = T6MXF72738;
				ENABLE_PREVIEWS = YES;
				GENERATE_INFOPLIST_FILE = YES;
				INFOPLIST_FILE = iOS/Info.plist;
				INFOPLIST_KEY_CFBundleDisplayName = "ASK-WatchOS-Demo";
				INFOPLIST_KEY_NSBluetoothAlwaysUsageDescription = "Allow Bluetooth permission or else...";
				INFOPLIST_KEY_UIApplicationSceneManifest_Generation = YES;
				INFOPLIST_KEY_UIApplicationSupportsIndirectInputEvents = YES;
				INFOPLIST_KEY_UILaunchScreen_Generation = YES;
				INFOPLIST_KEY_UISupportedInterfaceOrientations_iPad = "UIInterfaceOrientationPortrait UIInterfaceOrientationPortraitUpsideDown UIInterfaceOrientationLandscapeLeft UIInterfaceOrientationLandscapeRight";
				INFOPLIST_KEY_UISupportedInterfaceOrientations_iPhone = "UIInterfaceOrientationPortrait UIInterfaceOrientationLandscapeLeft UIInterfaceOrientationLandscapeRight";
				IPHONEOS_DEPLOYMENT_TARGET = 18.0;
				LD_RUNPATH_SEARCH_PATHS = (
					"$(inherited)",
					"@executable_path/Frameworks",
				);
				MARKETING_VERSION = 1.0;
				PRODUCT_BUNDLE_IDENTIFIER = "SuperTurboRyan.AKS-WatchOS-Demo";
				PRODUCT_NAME = "$(TARGET_NAME)";
				SDKROOT = iphoneos;
				SWIFT_EMIT_LOC_STRINGS = YES;
				SWIFT_VERSION = 5.0;
				TARGETED_DEVICE_FAMILY = "1,2";
			};
			name = Debug;
		};
		945AD98F2E0C547D00236929 /* Release */ = {
			isa = XCBuildConfiguration;
			buildSettings = {
				ASSETCATALOG_COMPILER_APPICON_NAME = AppIcon;
				ASSETCATALOG_COMPILER_GLOBAL_ACCENT_COLOR_NAME = AccentColor;
				CODE_SIGN_STYLE = Automatic;
				CURRENT_PROJECT_VERSION = 1;
				DEVELOPMENT_TEAM = T6MXF72738;
				ENABLE_PREVIEWS = YES;
				GENERATE_INFOPLIST_FILE = YES;
				INFOPLIST_FILE = iOS/Info.plist;
				INFOPLIST_KEY_CFBundleDisplayName = "ASK-WatchOS-Demo";
				INFOPLIST_KEY_NSBluetoothAlwaysUsageDescription = "Allow Bluetooth permission or else...";
				INFOPLIST_KEY_UIApplicationSceneManifest_Generation = YES;
				INFOPLIST_KEY_UIApplicationSupportsIndirectInputEvents = YES;
				INFOPLIST_KEY_UILaunchScreen_Generation = YES;
				INFOPLIST_KEY_UISupportedInterfaceOrientations_iPad = "UIInterfaceOrientationPortrait UIInterfaceOrientationPortraitUpsideDown UIInterfaceOrientationLandscapeLeft UIInterfaceOrientationLandscapeRight";
				INFOPLIST_KEY_UISupportedInterfaceOrientations_iPhone = "UIInterfaceOrientationPortrait UIInterfaceOrientationLandscapeLeft UIInterfaceOrientationLandscapeRight";
				IPHONEOS_DEPLOYMENT_TARGET = 18.0;
				LD_RUNPATH_SEARCH_PATHS = (
					"$(inherited)",
					"@executable_path/Frameworks",
				);
				MARKETING_VERSION = 1.0;
				PRODUCT_BUNDLE_IDENTIFIER = "SuperTurboRyan.AKS-WatchOS-Demo";
				PRODUCT_NAME = "$(TARGET_NAME)";
				SDKROOT = iphoneos;
				SWIFT_EMIT_LOC_STRINGS = YES;
				SWIFT_VERSION = 5.0;
				TARGETED_DEVICE_FAMILY = "1,2";
				VALIDATE_PRODUCT = YES;
			};
			name = Release;
		};
/* End XCBuildConfiguration section */

/* Begin XCConfigurationList section */
		945AD96A2E0C547A00236929 /* Build configuration list for PBXProject "ASK-WatchOS-Demo" */ = {
			isa = XCConfigurationList;
			buildConfigurations = (
				945AD9872E0C547D00236929 /* Debug */,
				945AD9882E0C547D00236929 /* Release */,
			);
			defaultConfigurationIsVisible = 0;
			defaultConfigurationName = Release;
		};
		945AD9892E0C547D00236929 /* Build configuration list for PBXNativeTarget "ASK-WatchOS-Demo Watch App" */ = {
			isa = XCConfigurationList;
			buildConfigurations = (
				945AD98A2E0C547D00236929 /* Debug */,
				945AD98B2E0C547D00236929 /* Release */,
			);
			defaultConfigurationIsVisible = 0;
			defaultConfigurationName = Release;
		};
		945AD98D2E0C547D00236929 /* Build configuration list for PBXNativeTarget "ASK-WatchOS-Demo" */ = {
			isa = XCConfigurationList;
			buildConfigurations = (
				945AD98E2E0C547D00236929 /* Debug */,
				945AD98F2E0C547D00236929 /* Release */,
			);
			defaultConfigurationIsVisible = 0;
			defaultConfigurationName = Release;
		};
/* End XCConfigurationList section */
	};
	rootObject = 945AD9672E0C547A00236929 /* Project object */;
}
